
Microsoft Visual Studio Solution File, Format Version 12.00
# Visual Studio Version 17
VisualStudioVersion = 17.5.2.0
MinimumVisualStudioVersion = 10.0.40219.1
Project("{FAE04EC0-301F-11D3-BF4B-00C04F79EFBC}") = "Työtuntiseurantavol2", "Työtuntiseurantavol2.csproj", "{57A58188-A5B5-4447-5AF2-5C2C682CFE30}"
EndProject
Global
	GlobalSection(SolutionConfigurationPlatforms) = preSolution
		Debug|Any CPU = Debug|Any CPU
		Release|Any CPU = Release|Any CPU
	EndGlobalSection
	GlobalSection(ProjectConfigurationPlatforms) = postSolution
		{57A58188-A5B5-4447-5AF2-5C2C682CFE30}.Debug|Any CPU.ActiveCfg = Debug|Any CPU
		{57A58188-A5B5-4447-5AF2-5C2C682CFE30}.Debug|Any CPU.Build.0 = Debug|Any CPU
		{57A58188-A5B5-4447-5AF2-5C2C682CFE30}.Release|Any CPU.ActiveCfg = Release|Any CPU
		{57A58188-A5B5-4447-5AF2-5C2C682CFE30}.Release|Any CPU.Build.0 = Release|Any CPU
	EndGlobalSection
	GlobalSection(SolutionProperties) = preSolution
		HideSolutionNode = FALSE
	EndGlobalSection
	GlobalSection(ExtensibilityGlobals) = postSolution
		SolutionGuid = {BAB83206-3D8C-4487-B846-A0A214D6C11A}
	EndGlobalSection
EndGlobal
